{
  "name": "streamingtest",
  "version": "0.0.1",
  "lockfileVersion": 1,
  "requires": true,
  "dependencies": {
    "webcam-http-streaming": {
      "version": "1.1.2",
      "resolved": "https://registry.npmjs.org/webcam-http-streaming/-/webcam-http-streaming-1.1.2.tgz",
      "integrity": "sha1-q4ugLGptqp9U4pa2huAukoZEjHk="
    }
  }
}
